
Microsoft Visual Studio Solution File, Format Version 12.00
# Visual Studio Version 17
VisualStudioVersion = 17.6.33829.357
MinimumVisualStudioVersion = 10.0.40219.1
Project("{9A19103F-16F7-4668-BE54-9A1E7A4F7556}") = "ProductManagement.API", "ProductManagement.API\ProductManagement.API.csproj", "{0109BA2B-26B3-42E5-8A26-987F3569A3A7}"
EndProject
Project("{FAE04EC0-301F-11D3-BF4B-00C04F79EFBC}") = "ProductManagement.Domain", "ProductManagement.Domain\ProductManagement.Domain.csproj", "{8A12B182-6F3A-4AF1-BC83-4066A491FB27}"
EndProject
Project("{FAE04EC0-301F-11D3-BF4B-00C04F79EFBC}") = "ProductManagement.Data", "ProductManagement.Data\ProductManagement.Data.csproj", "{6422B012-7B4C-48DA-B71F-0AB1DAE7ADC9}"
EndProject
Global
	GlobalSection(SolutionConfigurationPlatforms) = preSolution
		Debug|Any CPU = Debug|Any CPU
		Release|Any CPU = Release|Any CPU
	EndGlobalSection
	GlobalSection(ProjectConfigurationPlatforms) = postSolution
		{0109BA2B-26B3-42E5-8A26-987F3569A3A7}.Debug|Any CPU.ActiveCfg = Debug|Any CPU
		{0109BA2B-26B3-42E5-8A26-987F3569A3A7}.Debug|Any CPU.Build.0 = Debug|Any CPU
		{0109BA2B-26B3-42E5-8A26-987F3569A3A7}.Release|Any CPU.ActiveCfg = Release|Any CPU
		{0109BA2B-26B3-42E5-8A26-987F3569A3A7}.Release|Any CPU.Build.0 = Release|Any CPU
		{8A12B182-6F3A-4AF1-BC83-4066A491FB27}.Debug|Any CPU.ActiveCfg = Debug|Any CPU
		{8A12B182-6F3A-4AF1-BC83-4066A491FB27}.Debug|Any CPU.Build.0 = Debug|Any CPU
		{8A12B182-6F3A-4AF1-BC83-4066A491FB27}.Release|Any CPU.ActiveCfg = Release|Any CPU
		{8A12B182-6F3A-4AF1-BC83-4066A491FB27}.Release|Any CPU.Build.0 = Release|Any CPU
		{6422B012-7B4C-48DA-B71F-0AB1DAE7ADC9}.Debug|Any CPU.ActiveCfg = Debug|Any CPU
		{6422B012-7B4C-48DA-B71F-0AB1DAE7ADC9}.Debug|Any CPU.Build.0 = Debug|Any CPU
		{6422B012-7B4C-48DA-B71F-0AB1DAE7ADC9}.Release|Any CPU.ActiveCfg = Release|Any CPU
		{6422B012-7B4C-48DA-B71F-0AB1DAE7ADC9}.Release|Any CPU.Build.0 = Release|Any CPU
	EndGlobalSection
	GlobalSection(SolutionProperties) = preSolution
		HideSolutionNode = FALSE
	EndGlobalSection
	GlobalSection(ExtensibilityGlobals) = postSolution
		SolutionGuid = {FE162C03-D05E-4446-90C1-5A65F2F7DEAA}
	EndGlobalSection
EndGlobal
